
Microsoft Visual Studio Solution File, Format Version 12.00
# Visual Studio Version 17
VisualStudioVersion = 17.14.36301.6 d17.14
MinimumVisualStudioVersion = 10.0.40219.1
Project("{FAE04EC0-301F-11D3-BF4B-00C04F79EFBC}") = "human-resource-management", "human-resource-management.csproj", "{5895862B-D38E-F708-CDBD-66AD6F979626}"
EndProject
Global
	GlobalSection(SolutionConfigurationPlatforms) = preSolution
		Debug|Any CPU = Debug|Any CPU
		Release|Any CPU = Release|Any CPU
	EndGlobalSection
	GlobalSection(ProjectConfigurationPlatforms) = postSolution
		{5895862B-D38E-F708-CDBD-66AD6F979626}.Debug|Any CPU.ActiveCfg = Debug|Any CPU
		{5895862B-D38E-F708-CDBD-66AD6F979626}.Debug|Any CPU.Build.0 = Debug|Any CPU
		{5895862B-D38E-F708-CDBD-66AD6F979626}.Release|Any CPU.ActiveCfg = Release|Any CPU
		{5895862B-D38E-F708-CDBD-66AD6F979626}.Release|Any CPU.Build.0 = Release|Any CPU
	EndGlobalSection
	GlobalSection(SolutionProperties) = preSolution
		HideSolutionNode = FALSE
	EndGlobalSection
	GlobalSection(ExtensibilityGlobals) = postSolution
		SolutionGuid = {6C644BEE-4628-4FB3-B984-262A94FA3606}
	EndGlobalSection
EndGlobal
